
Microsoft Visual Studio Solution File, Format Version 12.00
# Visual Studio Version 17
VisualStudioVersion = 17.3.32825.248
MinimumVisualStudioVersion = 10.0.40219.1
Project("{9A19103F-16F7-4668-BE54-9A1E7A4F7556}") = "Tracer.Core", "Tracer.Core\Tracer.Core.csproj", "{0B9861E5-7AA9-494E-9A63-8D9EF3DA31DC}"
EndProject
Project("{9A19103F-16F7-4668-BE54-9A1E7A4F7556}") = "Tracer.Serialization.Abstractions", "Tracer.Serialization.Abstractions\Tracer.Serialization.Abstractions.csproj", "{D0A6E400-1788-48FA-9DD3-CAFD63F7AFD3}"
EndProject
Project("{9A19103F-16F7-4668-BE54-9A1E7A4F7556}") = "Tracer.Example", "Tracer.Example\Tracer.Example.csproj", "{9569D57D-FDF5-4977-86D3-5C00713CA034}"
EndProject
Project("{9A19103F-16F7-4668-BE54-9A1E7A4F7556}") = "Tracer.Serialization", "Tracer.Serialization\Tracer.Serialization.csproj", "{FB7571CD-CC87-44E2-B823-769EC6013D24}"
EndProject
Project("{FAE04EC0-301F-11D3-BF4B-00C04F79EFBC}") = "Tracer.Core.Tests", "Tracer.Core.Tests\Tracer.Core.Tests.csproj", "{ABFA4C76-5F97-4EFA-A2B1-9D41AAF0BB58}"
EndProject
Global
	GlobalSection(SolutionConfigurationPlatforms) = preSolution
		Debug|Any CPU = Debug|Any CPU
		Release|Any CPU = Release|Any CPU
	EndGlobalSection
	GlobalSection(ProjectConfigurationPlatforms) = postSolution
		{0B9861E5-7AA9-494E-9A63-8D9EF3DA31DC}.Debug|Any CPU.ActiveCfg = Debug|Any CPU
		{0B9861E5-7AA9-494E-9A63-8D9EF3DA31DC}.Debug|Any CPU.Build.0 = Debug|Any CPU
		{0B9861E5-7AA9-494E-9A63-8D9EF3DA31DC}.Release|Any CPU.ActiveCfg = Release|Any CPU
		{0B9861E5-7AA9-494E-9A63-8D9EF3DA31DC}.Release|Any CPU.Build.0 = Release|Any CPU
		{D0A6E400-1788-48FA-9DD3-CAFD63F7AFD3}.Debug|Any CPU.ActiveCfg = Debug|Any CPU
		{D0A6E400-1788-48FA-9DD3-CAFD63F7AFD3}.Debug|Any CPU.Build.0 = Debug|Any CPU
		{D0A6E400-1788-48FA-9DD3-CAFD63F7AFD3}.Release|Any CPU.ActiveCfg = Release|Any CPU
		{D0A6E400-1788-48FA-9DD3-CAFD63F7AFD3}.Release|Any CPU.Build.0 = Release|Any CPU
		{9569D57D-FDF5-4977-86D3-5C00713CA034}.Debug|Any CPU.ActiveCfg = Debug|Any CPU
		{9569D57D-FDF5-4977-86D3-5C00713CA034}.Debug|Any CPU.Build.0 = Debug|Any CPU
		{9569D57D-FDF5-4977-86D3-5C00713CA034}.Release|Any CPU.ActiveCfg = Release|Any CPU
		{9569D57D-FDF5-4977-86D3-5C00713CA034}.Release|Any CPU.Build.0 = Release|Any CPU
		{FB7571CD-CC87-44E2-B823-769EC6013D24}.Debug|Any CPU.ActiveCfg = Debug|Any CPU
		{FB7571CD-CC87-44E2-B823-769EC6013D24}.Debug|Any CPU.Build.0 = Debug|Any CPU
		{FB7571CD-CC87-44E2-B823-769EC6013D24}.Release|Any CPU.ActiveCfg = Release|Any CPU
		{FB7571CD-CC87-44E2-B823-769EC6013D24}.Release|Any CPU.Build.0 = Release|Any CPU
		{ABFA4C76-5F97-4EFA-A2B1-9D41AAF0BB58}.Debug|Any CPU.ActiveCfg = Debug|Any CPU
		{ABFA4C76-5F97-4EFA-A2B1-9D41AAF0BB58}.Debug|Any CPU.Build.0 = Debug|Any CPU
		{ABFA4C76-5F97-4EFA-A2B1-9D41AAF0BB58}.Release|Any CPU.ActiveCfg = Release|Any CPU
		{ABFA4C76-5F97-4EFA-A2B1-9D41AAF0BB58}.Release|Any CPU.Build.0 = Release|Any CPU
	EndGlobalSection
	GlobalSection(SolutionProperties) = preSolution
		HideSolutionNode = FALSE
	EndGlobalSection
	GlobalSection(ExtensibilityGlobals) = postSolution
		SolutionGuid = {D3CC299E-D762-400F-9827-18AD7A77C4B5}
	EndGlobalSection
EndGlobal
